
Microsoft Visual Studio Solution File, Format Version 12.00
# Visual Studio Version 16
VisualStudioVersion = 16.0.30907.101
MinimumVisualStudioVersion = 10.0.40219.1
Project("{FAE04EC0-301F-11D3-BF4B-00C04F79EFBC}") = "MorseKode", "MorseKode\MorseKode.csproj", "{195839BF-BFC3-4EC3-8A8C-514B7C3A332F}"
EndProject
Global
	GlobalSection(SolutionConfigurationPlatforms) = preSolution
		Debug|Any CPU = Debug|Any CPU
		Release|Any CPU = Release|Any CPU
	EndGlobalSection
	GlobalSection(ProjectConfigurationPlatforms) = postSolution
		{195839BF-BFC3-4EC3-8A8C-514B7C3A332F}.Debug|Any CPU.ActiveCfg = Debug|Any CPU
		{195839BF-BFC3-4EC3-8A8C-514B7C3A332F}.Debug|Any CPU.Build.0 = Debug|Any CPU
		{195839BF-BFC3-4EC3-8A8C-514B7C3A332F}.Release|Any CPU.ActiveCfg = Release|Any CPU
		{195839BF-BFC3-4EC3-8A8C-514B7C3A332F}.Release|Any CPU.Build.0 = Release|Any CPU
	EndGlobalSection
	GlobalSection(SolutionProperties) = preSolution
		HideSolutionNode = FALSE
	EndGlobalSection
	GlobalSection(ExtensibilityGlobals) = postSolution
		SolutionGuid = {75538114-34F0-42D1-8235-291827C1A325}
	EndGlobalSection
EndGlobal
